
Microsoft Visual Studio Solution File, Format Version 12.00
Project("{FAE04EC0-301F-11D3-BF4B-00C04F79EFBC}") = "Travellers", "Travellers\Travellers.csproj", "{019AC96E-2454-4E71-A43F-F713510978C4}"
EndProject
Project("{FAE04EC0-301F-11D3-BF4B-00C04F79EFBC}") = "TravellersTest", "TravellersTest\TravellersTest.csproj", "{3C14E992-7F77-4705-A6A1-07ED56F1C669}"
EndProject
Project("{FAE04EC0-301F-11D3-BF4B-00C04F79EFBC}") = "Travellers.HotelHubFake", "Travellers.HotelHubFake\Travellers.HotelHubFake.csproj", "{B9A14FDB-9EDC-4AAE-AE91-3E2214043A84}"
EndProject
Global
	GlobalSection(SolutionConfigurationPlatforms) = preSolution
		Debug|Any CPU = Debug|Any CPU
		Debug|x64 = Debug|x64
		Debug|x86 = Debug|x86
		Release|Any CPU = Release|Any CPU
		Release|x64 = Release|x64
		Release|x86 = Release|x86
	EndGlobalSection
	GlobalSection(ProjectConfigurationPlatforms) = postSolution
		{019AC96E-2454-4E71-A43F-F713510978C4}.Debug|Any CPU.ActiveCfg = Debug|Any CPU
		{019AC96E-2454-4E71-A43F-F713510978C4}.Debug|Any CPU.Build.0 = Debug|Any CPU
		{019AC96E-2454-4E71-A43F-F713510978C4}.Debug|x64.ActiveCfg = Debug|Any CPU
		{019AC96E-2454-4E71-A43F-F713510978C4}.Debug|x64.Build.0 = Debug|Any CPU
		{019AC96E-2454-4E71-A43F-F713510978C4}.Debug|x86.ActiveCfg = Debug|Any CPU
		{019AC96E-2454-4E71-A43F-F713510978C4}.Debug|x86.Build.0 = Debug|Any CPU
		{019AC96E-2454-4E71-A43F-F713510978C4}.Release|Any CPU.ActiveCfg = Release|Any CPU
		{019AC96E-2454-4E71-A43F-F713510978C4}.Release|Any CPU.Build.0 = Release|Any CPU
		{019AC96E-2454-4E71-A43F-F713510978C4}.Release|x64.ActiveCfg = Release|Any CPU
		{019AC96E-2454-4E71-A43F-F713510978C4}.Release|x64.Build.0 = Release|Any CPU
		{019AC96E-2454-4E71-A43F-F713510978C4}.Release|x86.ActiveCfg = Release|Any CPU
		{019AC96E-2454-4E71-A43F-F713510978C4}.Release|x86.Build.0 = Release|Any CPU
		{3C14E992-7F77-4705-A6A1-07ED56F1C669}.Debug|Any CPU.ActiveCfg = Debug|Any CPU
		{3C14E992-7F77-4705-A6A1-07ED56F1C669}.Debug|Any CPU.Build.0 = Debug|Any CPU
		{3C14E992-7F77-4705-A6A1-07ED56F1C669}.Debug|x64.ActiveCfg = Debug|Any CPU
		{3C14E992-7F77-4705-A6A1-07ED56F1C669}.Debug|x64.Build.0 = Debug|Any CPU
		{3C14E992-7F77-4705-A6A1-07ED56F1C669}.Debug|x86.ActiveCfg = Debug|Any CPU
		{3C14E992-7F77-4705-A6A1-07ED56F1C669}.Debug|x86.Build.0 = Debug|Any CPU
		{3C14E992-7F77-4705-A6A1-07ED56F1C669}.Release|Any CPU.ActiveCfg = Release|Any CPU
		{3C14E992-7F77-4705-A6A1-07ED56F1C669}.Release|Any CPU.Build.0 = Release|Any CPU
		{3C14E992-7F77-4705-A6A1-07ED56F1C669}.Release|x64.ActiveCfg = Release|Any CPU
		{3C14E992-7F77-4705-A6A1-07ED56F1C669}.Release|x64.Build.0 = Release|Any CPU
		{3C14E992-7F77-4705-A6A1-07ED56F1C669}.Release|x86.ActiveCfg = Release|Any CPU
		{3C14E992-7F77-4705-A6A1-07ED56F1C669}.Release|x86.Build.0 = Release|Any CPU
		{B9A14FDB-9EDC-4AAE-AE91-3E2214043A84}.Debug|Any CPU.ActiveCfg = Debug|Any CPU
		{B9A14FDB-9EDC-4AAE-AE91-3E2214043A84}.Debug|Any CPU.Build.0 = Debug|Any CPU
		{B9A14FDB-9EDC-4AAE-AE91-3E2214043A84}.Debug|x64.ActiveCfg = Debug|Any CPU
		{B9A14FDB-9EDC-4AAE-AE91-3E2214043A84}.Debug|x64.Build.0 = Debug|Any CPU
		{B9A14FDB-9EDC-4AAE-AE91-3E2214043A84}.Debug|x86.ActiveCfg = Debug|Any CPU
		{B9A14FDB-9EDC-4AAE-AE91-3E2214043A84}.Debug|x86.Build.0 = Debug|Any CPU
		{B9A14FDB-9EDC-4AAE-AE91-3E2214043A84}.Release|Any CPU.ActiveCfg = Release|Any CPU
		{B9A14FDB-9EDC-4AAE-AE91-3E2214043A84}.Release|Any CPU.Build.0 = Release|Any CPU
		{B9A14FDB-9EDC-4AAE-AE91-3E2214043A84}.Release|x64.ActiveCfg = Release|Any CPU
		{B9A14FDB-9EDC-4AAE-AE91-3E2214043A84}.Release|x64.Build.0 = Release|Any CPU
		{B9A14FDB-9EDC-4AAE-AE91-3E2214043A84}.Release|x86.ActiveCfg = Release|Any CPU
		{B9A14FDB-9EDC-4AAE-AE91-3E2214043A84}.Release|x86.Build.0 = Release|Any CPU
	EndGlobalSection
	GlobalSection(SolutionProperties) = preSolution
		HideSolutionNode = FALSE
	EndGlobalSection
EndGlobal
